// !$*UTF8*$!
{
	archiveVersion = 1;
	classes = {
	};
	objectVersion = 50;
	objects = {

/* Begin PBXBuildFile section */
		D99754DE2619DC83002F2B78 /* CardView.swift in Sources */ = {isa = PBXBuildFile; fileRef = D99754DD2619DC83002F2B78 /* CardView.swift */; };
		D99BC11E222C3759007B5F75 /* Grid.swift in Sources */ = {isa = PBXBuildFile; fileRef = D99BC11D222C3759007B5F75 /* Grid.swift */; };
		D9C9F36221DA8BFE000A1527 /* AppDelegate.swift in Sources */ = {isa = PBXBuildFile; fileRef = D9C9F36121DA8BFE000A1527 /* AppDelegate.swift */; };
		D9C9F36421DA8BFE000A1527 /* ViewController.swift in Sources */ = {isa = PBXBuildFile; fileRef = D9C9F36321DA8BFE000A1527 /* ViewController.swift */; };
		D9C9F36721DA8BFE000A1527 /* Main.storyboard in Resources */ = {isa = PBXBuildFile; fileRef = D9C9F36521DA8BFE000A1527 /* Main.storyboard */; };
		D9C9F36921DA8BFF000A1527 /* Assets.xcassets in Resources */ = {isa = PBXBuildFile; fileRef = D9C9F36821DA8BFF000A1527 /* Assets.xcassets */; };
		D9C9F36C21DA8BFF000A1527 /* LaunchScreen.storyboard in Resources */ = {isa = PBXBuildFile; fileRef = D9C9F36A21DA8BFF000A1527 /* LaunchScreen.storyboard */; };
		D9C9F37421DD1B6C000A1527 /* SetCard.swift in Sources */ = {isa = PBXBuildFile; fileRef = D9C9F37321DD1B6C000A1527 /* SetCard.swift */; };
		D9C9F37621DD2ADD000A1527 /* SetGame.swift in Sources */ = {isa = PBXBuildFile; fileRef = D9C9F37521DD2ADD000A1527 /* SetGame.swift */; };
		D9CFF8B5222C3E050024879A /* SetCardView.swift in Sources */ = {isa = PBXBuildFile; fileRef = D9CFF8B4222C3E050024879A /* SetCardView.swift */; };
		D9DC51E42618DEE400622D92 /* CardGeometry.pdf in Resources */ = {isa = PBXBuildFile; fileRef = D9DC51E32618DEE400622D92 /* CardGeometry.pdf */; };
		D9DC51E72618ED9400622D92 /* CardGeometry.swift in Sources */ = {isa = PBXBuildFile; fileRef = D9DC51E62618ED9400622D92 /* CardGeometry.swift */; };
/* End PBXBuildFile section */

/* Begin PBXFileReference section */
		D99754DD2619DC83002F2B78 /* CardView.swift */ = {isa = PBXFileReference; lastKnownFileType = sourcecode.swift; path = CardView.swift; sourceTree = "<group>"; };
		D99BC11D222C3759007B5F75 /* Grid.swift */ = {isa = PBXFileReference; fileEncoding = 4; lastKnownFileType = sourcecode.swift; path = Grid.swift; sourceTree = "<group>"; };
		D9C9F35E21DA8BFE000A1527 /* Set.app */ = {isa = PBXFileReference; explicitFileType = wrapper.application; includeInIndex = 0; path = Set.app; sourceTree = BUILT_PRODUCTS_DIR; };
		D9C9F36121DA8BFE000A1527 /* AppDelegate.swift */ = {isa = PBXFileReference; lastKnownFileType = sourcecode.swift; path = AppDelegate.swift; sourceTree = "<group>"; };
		D9C9F36321DA8BFE000A1527 /* ViewController.swift */ = {isa = PBXFileReference; lastKnownFileType = sourcecode.swift; path = ViewController.swift; sourceTree = "<group>"; };
		D9C9F36621DA8BFE000A1527 /* Base */ = {isa = PBXFileReference; lastKnownFileType = file.storyboard; name = Base; path = Base.lproj/Main.storyboard; sourceTree = "<group>"; };
		D9C9F36821DA8BFF000A1527 /* Assets.xcassets */ = {isa = PBXFileReference; lastKnownFileType = folder.assetcatalog; path = Assets.xcassets; sourceTree = "<group>"; };
		D9C9F36B21DA8BFF000A1527 /* Base */ = {isa = PBXFileReference; lastKnownFileType = file.storyboard; name = Base; path = Base.lproj/LaunchScreen.storyboard; sourceTree = "<group>"; };
		D9C9F36D21DA8BFF000A1527 /* Info.plist */ = {isa = PBXFileReference; lastKnownFileType = text.plist.xml; path = Info.plist; sourceTree = "<group>"; };
		D9C9F37321DD1B6C000A1527 /* SetCard.swift */ = {isa = PBXFileReference; lastKnownFileType = sourcecode.swift; path = SetCard.swift; sourceTree = "<group>"; };
		D9C9F37521DD2ADD000A1527 /* SetGame.swift */ = {isa = PBXFileReference; lastKnownFileType = sourcecode.swift; path = SetGame.swift; sourceTree = "<group>"; };
		D9CFF8B4222C3E050024879A /* SetCardView.swift */ = {isa = PBXFileReference; lastKnownFileType = sourcecode.swift; path = SetCardView.swift; sourceTree = "<group>"; };
		D9DC51E32618DEE400622D92 /* CardGeometry.pdf */ = {isa = PBXFileReference; lastKnownFileType = image.pdf; path = CardGeometry.pdf; sourceTree = "<group>"; };
		D9DC51E62618ED9400622D92 /* CardGeometry.swift */ = {isa = PBXFileReference; lastKnownFileType = sourcecode.swift; path = CardGeometry.swift; sourceTree = "<group>"; };
/* End PBXFileReference section */

/* Begin PBXFrameworksBuildPhase section */
		D9C9F35B21DA8BFE000A1527 /* Frameworks */ = {
			isa = PBXFrameworksBuildPhase;
			buildActionMask = 2147483647;
			files = (
			);
			runOnlyForDeploymentPostprocessing = 0;
		};
/* End PBXFrameworksBuildPhase section */

/* Begin PBXGroup section */
		D9C9F35521DA8BFE000A1527 = {
			isa = PBXGroup;
			children = (
				D9C9F36021DA8BFE000A1527 /* Set */,
				D9C9F35F21DA8BFE000A1527 /* Products */,
			);
			sourceTree = "<group>";
		};
		D9C9F35F21DA8BFE000A1527 /* Products */ = {
			isa = PBXGroup;
			children = (
				D9C9F35E21DA8BFE000A1527 /* Set.app */,
			);
			name = Products;
			sourceTree = "<group>";
		};
		D9C9F36021DA8BFE000A1527 /* Set */ = {
			isa = PBXGroup;
			children = (
				D9C9F36121DA8BFE000A1527 /* AppDelegate.swift */,
				D9C9F36321DA8BFE000A1527 /* ViewController.swift */,
				D9C9F37521DD2ADD000A1527 /* SetGame.swift */,
				D9C9F36521DA8BFE000A1527 /* Main.storyboard */,
				D9C9F37321DD1B6C000A1527 /* SetCard.swift */,
				D9CFF8B4222C3E050024879A /* SetCardView.swift */,
				D99754DD2619DC83002F2B78 /* CardView.swift */,
				D9DC51E62618ED9400622D92 /* CardGeometry.swift */,
				D9DC51E32618DEE400622D92 /* CardGeometry.pdf */,
				D99BC11D222C3759007B5F75 /* Grid.swift */,
				D9C9F36821DA8BFF000A1527 /* Assets.xcassets */,
				D9C9F36A21DA8BFF000A1527 /* LaunchScreen.storyboard */,
				D9C9F36D21DA8BFF000A1527 /* Info.plist */,
			);
			path = Set;
			sourceTree = "<group>";
		};
/* End PBXGroup section */

/* Begin PBXNativeTarget section */
		D9C9F35D21DA8BFE000A1527 /* Set */ = {
			isa = PBXNativeTarget;
			buildConfigurationList = D9C9F37021DA8BFF000A1527 /* Build configuration list for PBXNativeTarget "Set" */;
			buildPhases = (
				D9C9F35A21DA8BFE000A1527 /* Sources */,
				D9C9F35B21DA8BFE000A1527 /* Frameworks */,
				D9C9F35C21DA8BFE000A1527 /* Resources */,
			);
			buildRules = (
			);
			dependencies = (
			);
			name = Set;
			productName = Set;
			productReference = D9C9F35E21DA8BFE000A1527 /* Set.app */;
			productType = "com.apple.product-type.application";
		};
/* End PBXNativeTarget section */

/* Begin PBXProject section */
		D9C9F35621DA8BFE000A1527 /* Project object */ = {
			isa = PBXProject;
			attributes = {
				LastSwiftUpdateCheck = 1010;
				LastUpgradeCheck = 1230;
				ORGANIZATIONNAME = "John McAleely";
				TargetAttributes = {
					D9C9F35D21DA8BFE000A1527 = {
						CreatedOnToolsVersion = 10.1;
					};
				};
			};
			buildConfigurationList = D9C9F35921DA8BFE000A1527 /* Build configuration list for PBXProject "Set" */;
			compatibilityVersion = "Xcode 9.3";
			developmentRegion = en;
			hasScannedForEncodings = 0;
			knownRegions = (
				en,
				Base,
			);
			mainGroup = D9C9F35521DA8BFE000A1527;
			productRefGroup = D9C9F35F21DA8BFE000A1527 /* Products */;
			projectDirPath = "";
			projectRoot = "";
			targets = (
				D9C9F35D21DA8BFE000A1527 /* Set */,
			);
		};
/* End PBXProject section */

/* Begin PBXResourcesBuildPhase section */
		D9C9F35C21DA8BFE000A1527 /* Resources */ = {
			isa = PBXResourcesBuildPhase;
			buildActionMask = 2147483647;
			files = (
				D9C9F36C21DA8BFF000A1527 /* LaunchScreen.storyboard in Resources */,
				D9DC51E42618DEE400622D92 /* CardGeometry.pdf in Resources */,
				D9C9F36921DA8BFF000A1527 /* Assets.xcassets in Resources */,
				D9C9F36721DA8BFE000A1527 /* Main.storyboard in Resources */,
			);
			runOnlyForDeploymentPostprocessing = 0;
		};
/* End PBXResourcesBuildPhase section */

/* Begin PBXSourcesBuildPhase section */
		D9C9F35A21DA8BFE000A1527 /* Sources */ = {
			isa = PBXSourcesBuildPhase;
			buildActionMask = 2147483647;
			files = (
				D9C9F37421DD1B6C000A1527 /* SetCard.swift in Sources */,
				D9CFF8B5222C3E050024879A /* SetCardView.swift in Sources */,
				D9C9F36421DA8BFE000A1527 /* ViewController.swift in Sources */,
				D9C9F37621DD2ADD000A1527 /* SetGame.swift in Sources */,
				D9DC51E72618ED9400622D92 /* CardGeometry.swift in Sources */,
				D99BC11E222C3759007B5F75 /* Grid.swift in Sources */,
				D99754DE2619DC83002F2B78 /* CardView.swift in Sources */,
				D9C9F36221DA8BFE000A1527 /* AppDelegate.swift in Sources */,
			);
			runOnlyForDeploymentPostprocessing = 0;
		};
/* End PBXSourcesBuildPhase section */

/* Begin PBXVariantGroup section */
		D9C9F36521DA8BFE000A1527 /* Main.storyboard */ = {
			isa = PBXVariantGroup;
			children = (
				D9C9F36621DA8BFE000A1527 /* Base */,
			);
			name = Main.storyboard;
			sourceTree = "<group>";
		};
		D9C9F36A21DA8BFF000A1527 /* LaunchScreen.storyboard */ = {
			isa = PBXVariantGroup;
			children = (
				D9C9F36B21DA8BFF000A1527 /* Base */,
			);
			name = LaunchScreen.storyboard;
			sourceTree = "<group>";
		};
/* End PBXVariantGroup section */

/* Begin XCBuildConfiguration section */
		D9C9F36E21DA8BFF000A1527 /* Debug */ = {
			isa = XCBuildConfiguration;
			buildSettings = {
				ALWAYS_SEARCH_USER_PATHS = NO;
				CLANG_ANALYZER_NONNULL = YES;
				CLANG_ANALYZER_NUMBER_OBJECT_CONVERSION = YES_AGGRESSIVE;
				CLANG_CXX_LANGUAGE_STANDARD = "gnu++14";
				CLANG_CXX_LIBRARY = "libc++";
				CLANG_ENABLE_MODULES = YES;
				CLANG_ENABLE_OBJC_ARC = YES;
				CLANG_ENABLE_OBJC_WEAK = YES;
				CLANG_WARN_BLOCK_CAPTURE_AUTORELEASING = YES;
				CLANG_WARN_BOOL_CONVERSION = YES;
				CLANG_WARN_COMMA = YES;
				CLANG_WARN_CONSTANT_CONVERSION = YES;
				CLANG_WARN_DEPRECATED_OBJC_IMPLEMENTATIONS = YES;
				CLANG_WARN_DIRECT_OBJC_ISA_USAGE = YES_ERROR;
				CLANG_WARN_DOCUMENTATION_COMMENTS = YES;
				CLANG_WARN_EMPTY_BODY = YES;
				CLANG_WARN_ENUM_CONVERSION = YES;
				CLANG_WARN_INFINITE_RECURSION = YES;
				CLANG_WARN_INT_CONVERSION = YES;
				CLANG_WARN_NON_LITERAL_NULL_CONVERSION = YES;
				CLANG_WARN_OBJC_IMPLICIT_RETAIN_SELF = YES;
				CLANG_WARN_OBJC_LITERAL_CONVERSION = YES;
				CLANG_WARN_OBJC_ROOT_CLASS = YES_ERROR;
				CLANG_WARN_QUOTED_INCLUDE_IN_FRAMEWORK_HEADER = YES;
				CLANG_WARN_RANGE_LOOP_ANALYSIS = YES;
				CLANG_WARN_STRICT_PROTOTYPES = YES;
				CLANG_WARN_SUSPICIOUS_MOVE = YES;
				CLANG_WARN_UNGUARDED_AVAILABILITY = YES_AGGRESSIVE;
				CLANG_WARN_UNREACHABLE_CODE = YES;
				CLANG_WARN__DUPLICATE_METHOD_MATCH = YES;
				CODE_SIGN_IDENTITY = "iPhone Developer";
				COPY_PHASE_STRIP = NO;
				DEBUG_INFORMATION_FORMAT = dwarf;
				ENABLE_STRICT_OBJC_MSGSEND = YES;
				ENABLE_TESTABILITY = YES;
				GCC_C_LANGUAGE_STANDARD = gnu11;
				GCC_DYNAMIC_NO_PIC = NO;
				GCC_NO_COMMON_BLOCKS = YES;
				GCC_OPTIMIZATION_LEVEL = 0;
				GCC_PREPROCESSOR_DEFINITIONS = (
					"DEBUG=1",
					"$(inherited)",
				);
				GCC_WARN_64_TO_32_BIT_CONVERSION = YES;
				GCC_WARN_ABOUT_RETURN_TYPE = YES_ERROR;
				GCC_WARN_UNDECLARED_SELECTOR = YES;
				GCC_WARN_UNINITIALIZED_AUTOS = YES_AGGRESSIVE;
				GCC_WARN_UNUSED_FUNCTION = YES;
				GCC_WARN_UNUSED_VARIABLE = YES;
				IPHONEOS_DEPLOYMENT_TARGET = 12.1;
				MTL_ENABLE_DEBUG_INFO = INCLUDE_SOURCE;
				MTL_FAST_MATH = YES;
				ONLY_ACTIVE_ARCH = YES;
				SDKROOT = iphoneos;
				SWIFT_ACTIVE_COMPILATION_CONDITIONS = DEBUG;
				SWIFT_OPTIMIZATION_LEVEL = "-Onone";
			};
			name = Debug;
		};
		D9C9F36F21DA8BFF000A1527 /* Release */ = {
			isa = XCBuildConfiguration;
			buildSettings = {
				ALWAYS_SEARCH_USER_PATHS = NO;
				CLANG_ANALYZER_NONNULL = YES;
				CLANG_ANALYZER_NUMBER_OBJECT_CONVERSION = YES_AGGRESSIVE;
				CLANG_CXX_LANGUAGE_STANDARD = "gnu++14";
				CLANG_CXX_LIBRARY = "libc++";
				CLANG_ENABLE_MODULES = YES;
				CLANG_ENABLE_OBJC_ARC = YES;
				CLANG_ENABLE_OBJC_WEAK = YES;
				CLANG_WARN_BLOCK_CAPTURE_AUTORELEASING = YES;
				CLANG_WARN_BOOL_CONVERSION = YES;
				CLANG_WARN_COMMA = YES;
				CLANG_WARN_CONSTANT_CONVERSION = YES;
				CLANG_WARN_DEPRECATED_OBJC_IMPLEMENTATIONS = YES;
				CLANG_WARN_DIRECT_OBJC_ISA_USAGE = YES_ERROR;
				CLANG_WARN_DOCUMENTATION_COMMENTS = YES;
				CLANG_WARN_EMPTY_BODY = YES;
				CLANG_WARN_ENUM_CONVERSION = YES;
				CLANG_WARN_INFINITE_RECURSION = YES;
				CLANG_WARN_INT_CONVERSION = YES;
				CLANG_WARN_NON_LITERAL_NULL_CONVERSION = YES;
				CLANG_WARN_OBJC_IMPLICIT_RETAIN_SELF = YES;
				CLANG_WARN_OBJC_LITERAL_CONVERSION = YES;
				CLANG_WARN_OBJC_ROOT_CLASS = YES_ERROR;
				CLANG_WARN_QUOTED_INCLUDE_IN_FRAMEWORK_HEADER = YES;
				CLANG_WARN_RANGE_LOOP_ANALYSIS = YES;
				CLANG_WARN_STRICT_PROTOTYPES = YES;
				CLANG_WARN_SUSPICIOUS_MOVE = YES;
				CLANG_WARN_UNGUARDED_AVAILABILITY = YES_AGGRESSIVE;
				CLANG_WARN_UNREACHABLE_CODE = YES;
				CLANG_WARN__DUPLICATE_METHOD_MATCH = YES;
				CODE_SIGN_IDENTITY = "iPhone Developer";
				COPY_PHASE_STRIP = NO;
				DEBUG_INFORMATION_FORMAT = "dwarf-with-dsym";
				ENABLE_NS_ASSERTIONS = NO;
				ENABLE_STRICT_OBJC_MSGSEND = YES;
				GCC_C_LANGUAGE_STANDARD = gnu11;
				GCC_NO_COMMON_BLOCKS = YES;
				GCC_WARN_64_TO_32_BIT_CONVERSION = YES;
				GCC_WARN_ABOUT_RETURN_TYPE = YES_ERROR;
				GCC_WARN_UNDECLARED_SELECTOR = YES;
				GCC_WARN_UNINITIALIZED_AUTOS = YES_AGGRESSIVE;
				GCC_WARN_UNUSED_FUNCTION = YES;
				GCC_WARN_UNUSED_VARIABLE = YES;
				IPHONEOS_DEPLOYMENT_TARGET = 12.1;
				MTL_ENABLE_DEBUG_INFO = NO;
				MTL_FAST_MATH = YES;
				SDKROOT = iphoneos;
				SWIFT_COMPILATION_MODE = wholemodule;
				SWIFT_OPTIMIZATION_LEVEL = "-O";
				VALIDATE_PRODUCT = YES;
			};
			name = Release;
		};
		D9C9F37121DA8BFF000A1527 /* Debug */ = {
			isa = XCBuildConfiguration;
			buildSettings = {
				ASSETCATALOG_COMPILER_APPICON_NAME = AppIcon;
				CODE_SIGN_STYLE = Automatic;
				DEVELOPMENT_TEAM = 58LR3N89Z4;
				INFOPLIST_FILE = Set/Info.plist;
				LD_RUNPATH_SEARCH_PATHS = (
					"$(inherited)",
					"@executable_path/Frameworks",
				);
				PRODUCT_BUNDLE_IDENTIFIER = com.mcaleely.Set;
				PRODUCT_NAME = "$(TARGET_NAME)";
				SWIFT_VERSION = 4.2;
				TARGETED_DEVICE_FAMILY = "1,2";
			};
			name = Debug;
		};
		D9C9F37221DA8BFF000A1527 /* Release */ = {
			isa = XCBuildConfiguration;
			buildSettings = {
				ASSETCATALOG_COMPILER_APPICON_NAME = AppIcon;
				CODE_SIGN_STYLE = Automatic;
				DEVELOPMENT_TEAM = 58LR3N89Z4;
				INFOPLIST_FILE = Set/Info.plist;
				LD_RUNPATH_SEARCH_PATHS = (
					"$(inherited)",
					"@executable_path/Frameworks",
				);
				PRODUCT_BUNDLE_IDENTIFIER = com.mcaleely.Set;
				PRODUCT_NAME = "$(TARGET_NAME)";
				SWIFT_VERSION = 4.2;
				TARGETED_DEVICE_FAMILY = "1,2";
			};
			name = Release;
		};
/* End XCBuildConfiguration section */

/* Begin XCConfigurationList section */
		D9C9F35921DA8BFE000A1527 /* Build configuration list for PBXProject "Set" */ = {
			isa = XCConfigurationList;
			buildConfigurations = (
				D9C9F36E21DA8BFF000A1527 /* Debug */,
				D9C9F36F21DA8BFF000A1527 /* Release */,
			);
			defaultConfigurationIsVisible = 0;
			defaultConfigurationName = Release;
		};
		D9C9F37021DA8BFF000A1527 /* Build configuration list for PBXNativeTarget "Set" */ = {
			isa = XCConfigurationList;
			buildConfigurations = (
				D9C9F37121DA8BFF000A1527 /* Debug */,
				D9C9F37221DA8BFF000A1527 /* Release */,
			);
			defaultConfigurationIsVisible = 0;
			defaultConfigurationName = Release;
		};
/* End XCConfigurationList section */
	};
	rootObject = D9C9F35621DA8BFE000A1527 /* Project object */;
}
